{
  "originHash" : "7ff49abe7b98447da5d903d355e9eb2f0e8c391995ab59d4d3bcfa1cee530da9",
  "pins" : [
    {
      "identity" : "openai",
      "kind" : "remoteSourceControl",
      "location" : "https://github.com/MacPaw/OpenAI.git",
      "state" : {
        "revision" : "843e087929aa806adb611dbca93f9a4a7f28be04",
        "version" : "0.3.0"
      }
    },
    {
      "identity" : "purchases-ios-spm",
      "kind" : "remoteSourceControl",
      "location" : "https://github.com/RevenueCat/purchases-ios-spm.git",
      "state" : {
        "revision" : "5d12ca1457689afcb20b7aebdfac3c9f8c8579bf",
        "version" : "5.14.4"
      }
    }
  ],
  "version" : 3
}
